
Microsoft Visual Studio Solution File, Format Version 12.00
# Visual Studio Version 17
VisualStudioVersion = 17.5.33516.290
MinimumVisualStudioVersion = 10.0.40219.1
Project("{FAE04EC0-301F-11D3-BF4B-00C04F79EFBC}") = "Parcial1Turró", "Parcial1Turró\Parcial1Turró.csproj", "{31A32A21-7B53-44D0-A356-09782F2F36E1}"
EndProject
Global
	GlobalSection(SolutionConfigurationPlatforms) = preSolution
		Debug|Any CPU = Debug|Any CPU
		Release|Any CPU = Release|Any CPU
	EndGlobalSection
	GlobalSection(ProjectConfigurationPlatforms) = postSolution
		{31A32A21-7B53-44D0-A356-09782F2F36E1}.Debug|Any CPU.ActiveCfg = Debug|Any CPU
		{31A32A21-7B53-44D0-A356-09782F2F36E1}.Debug|Any CPU.Build.0 = Debug|Any CPU
		{31A32A21-7B53-44D0-A356-09782F2F36E1}.Release|Any CPU.ActiveCfg = Release|Any CPU
		{31A32A21-7B53-44D0-A356-09782F2F36E1}.Release|Any CPU.Build.0 = Release|Any CPU
	EndGlobalSection
	GlobalSection(SolutionProperties) = preSolution
		HideSolutionNode = FALSE
	EndGlobalSection
	GlobalSection(ExtensibilityGlobals) = postSolution
		SolutionGuid = {2EB2CDAC-4F55-40B0-9D23-ED0BC3800788}
	EndGlobalSection
EndGlobal
